%{
  "ex_aws": {:hex, :ex_aws, "2.2.3", "f9bb1b04aaed3270f08c99d0268ff2c6596edb3a4a8792d18ffd37a74dd4810d", [:mix], [{:configparser_ex, "~> 4.0", [hex: :configparser_ex, repo: "hexpm", optional: true]}, {:hackney, "~> 1.16", [hex: :hackney, repo: "hexpm", optional: true]}, {:jason, "~> 1.1", [hex: :jason, repo: "hexpm", optional: true]}, {:jsx, "~> 3.0", [hex: :jsx, repo: "hexpm", optional: true]}, {:sweet_xml, "~> 0.6", [hex: :sweet_xml, repo: "hexpm", optional: true]}, {:telemetry, "~> 0.4", [hex: :telemetry, repo: "hexpm", optional: false]}], "hexpm", "8ddf1da94624e5f92afe36d4146086f72d85bb15998cec137c1fd854a3f04bc4"},
  "ex_aws_ssm": {:hex, :ex_aws_ssm, "2.1.0", "548b3d085d2916f54a5b5c5b273673175a46b04ff637624dab582957649eb680", [:mix], [{:ex_aws, "~> 2.0", [hex: :ex_aws, repo: "hexpm", optional: false]}], "hexpm", "a91a183dc131a780e74aad10d7866533ca6018a6c2bf0345d52fe3f3c494f9f7"},
  "telemetry": {:hex, :telemetry, "0.4.3", "a06428a514bdbc63293cd9a6263aad00ddeb66f608163bdec7c8995784080818", [:rebar3], [], "hexpm", "eb72b8365ffda5bed68a620d1da88525e326cb82a75ee61354fc24b844768041"},
}
